{
  "name": "filebrowser",
  "lockfileVersion": 2,
  "requires": true,
  "packages": {
    "": {
      "dependencies": {
        "material-icons": "^1.11.11"
      }
    },
    "node_modules/material-icons": {
      "version": "1.11.11",
      "resolved": "https://registry.npmmirror.com/material-icons/-/material-icons-1.11.11.tgz",
      "integrity": "sha512-8Cv9oJ4rqIYq0qHeX/Q3WU34qAXk8sXA9/sdg9BwPMKFhE0eGYPpVJMdSgmXNwmgxRxpMs68DceYVxx4jMNmbA=="
    }
  },
  "dependencies": {
    "material-icons": {
      "version": "1.11.11",
      "resolved": "https://registry.npmmirror.com/material-icons/-/material-icons-1.11.11.tgz",
      "integrity": "sha512-8Cv9oJ4rqIYq0qHeX/Q3WU34qAXk8sXA9/sdg9BwPMKFhE0eGYPpVJMdSgmXNwmgxRxpMs68DceYVxx4jMNmbA=="
    }
  }
}
